
Microsoft Visual Studio Solution File, Format Version 12.00
# Visual Studio 2013
VisualStudioVersion = 12.0.21005.1
MinimumVisualStudioVersion = 10.0.40219.1
Project("{FAE04EC0-301F-11D3-BF4B-00C04F79EFBC}") = "HelloWorld", "HelloWorld\HelloWorld.csproj", "{7D65C23D-80DE-4ED0-A147-33361473E2E1}"
EndProject
Project("{FAE04EC0-301F-11D3-BF4B-00C04F79EFBC}") = "HelloWorldSelfHosted", "HelloWorldSelfHosted\HelloWorldSelfHosted.csproj", "{96C3DEC1-DA6E-40E8-A205-6E1685EDE153}"
EndProject
Project("{FAE04EC0-301F-11D3-BF4B-00C04F79EFBC}") = "WebApiSelfHosted", "WebApiSelfHosted\WebApiSelfHosted.csproj", "{97900DBF-5BEC-46E1-8ED6-B1033DBE638F}"
EndProject
Global
	GlobalSection(SolutionConfigurationPlatforms) = preSolution
		Debug|Any CPU = Debug|Any CPU
		Release|Any CPU = Release|Any CPU
	EndGlobalSection
	GlobalSection(ProjectConfigurationPlatforms) = postSolution
		{7D65C23D-80DE-4ED0-A147-33361473E2E1}.Debug|Any CPU.ActiveCfg = Debug|Any CPU
		{7D65C23D-80DE-4ED0-A147-33361473E2E1}.Debug|Any CPU.Build.0 = Debug|Any CPU
		{7D65C23D-80DE-4ED0-A147-33361473E2E1}.Release|Any CPU.ActiveCfg = Release|Any CPU
		{7D65C23D-80DE-4ED0-A147-33361473E2E1}.Release|Any CPU.Build.0 = Release|Any CPU
		{96C3DEC1-DA6E-40E8-A205-6E1685EDE153}.Debug|Any CPU.ActiveCfg = Debug|Any CPU
		{96C3DEC1-DA6E-40E8-A205-6E1685EDE153}.Debug|Any CPU.Build.0 = Debug|Any CPU
		{96C3DEC1-DA6E-40E8-A205-6E1685EDE153}.Release|Any CPU.ActiveCfg = Release|Any CPU
		{96C3DEC1-DA6E-40E8-A205-6E1685EDE153}.Release|Any CPU.Build.0 = Release|Any CPU
		{97900DBF-5BEC-46E1-8ED6-B1033DBE638F}.Debug|Any CPU.ActiveCfg = Debug|Any CPU
		{97900DBF-5BEC-46E1-8ED6-B1033DBE638F}.Debug|Any CPU.Build.0 = Debug|Any CPU
		{97900DBF-5BEC-46E1-8ED6-B1033DBE638F}.Release|Any CPU.ActiveCfg = Release|Any CPU
		{97900DBF-5BEC-46E1-8ED6-B1033DBE638F}.Release|Any CPU.Build.0 = Release|Any CPU
	EndGlobalSection
	GlobalSection(SolutionProperties) = preSolution
		HideSolutionNode = FALSE
	EndGlobalSection
EndGlobal
